
Microsoft Visual Studio Solution File, Format Version 12.00
# Visual Studio Version 17
VisualStudioVersion = 17.1.32414.318
MinimumVisualStudioVersion = 10.0.40219.1
Project("{9A19103F-16F7-4668-BE54-9A1E7A4F7556}") = "OmniSummitDeviceService", "OmniSummitDeviceService\OmniSummitDeviceService.csproj", "{794D2C76-9715-49CA-A1CC-43D27C0E4AD7}"
EndProject
Project("{9A19103F-16F7-4668-BE54-9A1E7A4F7556}") = "OmniSummitDeviceService.UnitTests", "OmniSummitDeviceService.UnitTests\OmniSummitDeviceService.UnitTests.csproj", "{1AB0D12A-988C-4CF7-AD40-18DE4FB900A8}"
EndProject
Project("{54435603-DBB4-11D2-8724-00A0C9A8B90C}") = "OmniSummitMicroserviceSetup", "OmniSummitDeviceServiceSetup\OmniSummitDeviceServiceSetup.vdproj", "{B32C2AC7-CCA0-4757-8ECA-5D560B31B355}"
EndProject
Global
	GlobalSection(SolutionConfigurationPlatforms) = preSolution
		Debug|Any CPU = Debug|Any CPU
		Release|Any CPU = Release|Any CPU
	EndGlobalSection
	GlobalSection(ProjectConfigurationPlatforms) = postSolution
		{794D2C76-9715-49CA-A1CC-43D27C0E4AD7}.Debug|Any CPU.ActiveCfg = Debug|Any CPU
		{794D2C76-9715-49CA-A1CC-43D27C0E4AD7}.Debug|Any CPU.Build.0 = Debug|Any CPU
		{794D2C76-9715-49CA-A1CC-43D27C0E4AD7}.Release|Any CPU.ActiveCfg = Release|Any CPU
		{794D2C76-9715-49CA-A1CC-43D27C0E4AD7}.Release|Any CPU.Build.0 = Release|Any CPU
		{1AB0D12A-988C-4CF7-AD40-18DE4FB900A8}.Debug|Any CPU.ActiveCfg = Debug|Any CPU
		{1AB0D12A-988C-4CF7-AD40-18DE4FB900A8}.Debug|Any CPU.Build.0 = Debug|Any CPU
		{1AB0D12A-988C-4CF7-AD40-18DE4FB900A8}.Release|Any CPU.ActiveCfg = Release|Any CPU
		{1AB0D12A-988C-4CF7-AD40-18DE4FB900A8}.Release|Any CPU.Build.0 = Release|Any CPU
		{B32C2AC7-CCA0-4757-8ECA-5D560B31B355}.Debug|Any CPU.ActiveCfg = Debug
		{B32C2AC7-CCA0-4757-8ECA-5D560B31B355}.Release|Any CPU.ActiveCfg = Release
	EndGlobalSection
	GlobalSection(SolutionProperties) = preSolution
		HideSolutionNode = FALSE
	EndGlobalSection
	GlobalSection(ExtensibilityGlobals) = postSolution
		SolutionGuid = {53D2538E-F273-4F3E-9BE1-177C23FE5378}
	EndGlobalSection
EndGlobal
